
Microsoft Visual Studio Solution File, Format Version 12.00
# Visual Studio Version 16
VisualStudioVersion = 16.0.29025.244
MinimumVisualStudioVersion = 10.0.40219.1
Project("{2150E333-8FDC-42A3-9474-1A3956D46DE8}") = "Solution Items", "Solution Items", "{F402BB3D-3185-4E44-A000-EA0EC04E26FA}"
	ProjectSection(SolutionItems) = preProject
		LocalTestRun.testrunconfig = LocalTestRun.testrunconfig
	EndProjectSection
EndProject
Project("{FAE04EC0-301F-11D3-BF4B-00C04F79EFBC}") = "ExtensibleCommandsUnitTest", "ExtensibleCommandsUnitTests\ExtensibleCommandsUnitTest.csproj", "{34F79048-3BC5-4D66-BED1-F46017E7F142}"
EndProject
Project("{9A19103F-16F7-4668-BE54-9A1E7A4F7556}") = "ExtensibleCommands", "ExtensibleCommands\ExtensibleCommands.csproj", "{D3BD749C-92F1-428F-9994-F21181BA1586}"
EndProject
Global
	GlobalSection(SolutionConfigurationPlatforms) = preSolution
		Debug|Any CPU = Debug|Any CPU
		Release|Any CPU = Release|Any CPU
	EndGlobalSection
	GlobalSection(ProjectConfigurationPlatforms) = postSolution
		{34F79048-3BC5-4D66-BED1-F46017E7F142}.Debug|Any CPU.ActiveCfg = Debug|Any CPU
		{34F79048-3BC5-4D66-BED1-F46017E7F142}.Debug|Any CPU.Build.0 = Debug|Any CPU
		{34F79048-3BC5-4D66-BED1-F46017E7F142}.Release|Any CPU.ActiveCfg = Debug|Any CPU
		{34F79048-3BC5-4D66-BED1-F46017E7F142}.Release|Any CPU.Build.0 = Debug|Any CPU
		{D3BD749C-92F1-428F-9994-F21181BA1586}.Debug|Any CPU.ActiveCfg = Debug|Any CPU
		{D3BD749C-92F1-428F-9994-F21181BA1586}.Debug|Any CPU.Build.0 = Debug|Any CPU
		{D3BD749C-92F1-428F-9994-F21181BA1586}.Release|Any CPU.ActiveCfg = Release|Any CPU
		{D3BD749C-92F1-428F-9994-F21181BA1586}.Release|Any CPU.Build.0 = Release|Any CPU
	EndGlobalSection
	GlobalSection(SolutionProperties) = preSolution
		HideSolutionNode = FALSE
	EndGlobalSection
	GlobalSection(ExtensibilityGlobals) = postSolution
		SolutionGuid = {37149F8D-C418-4241-A7D6-4BF04AF9EDCD}
	EndGlobalSection
EndGlobal
